
Microsoft Visual Studio Solution File, Format Version 12.00
# Visual Studio Version 16
VisualStudioVersion = 16.0.30907.101
MinimumVisualStudioVersion = 10.0.40219.1
Project("{FAE04EC0-301F-11D3-BF4B-00C04F79EFBC}") = "BarganhaNETv3", "BarganhaNETv3\BarganhaNETv3.csproj", "{C39AAA9C-4673-4F16-B475-FAB0F68C46A6}"
EndProject
Global
	GlobalSection(SolutionConfigurationPlatforms) = preSolution
		Debug|Any CPU = Debug|Any CPU
		Release|Any CPU = Release|Any CPU
	EndGlobalSection
	GlobalSection(ProjectConfigurationPlatforms) = postSolution
		{C39AAA9C-4673-4F16-B475-FAB0F68C46A6}.Debug|Any CPU.ActiveCfg = Debug|Any CPU
		{C39AAA9C-4673-4F16-B475-FAB0F68C46A6}.Debug|Any CPU.Build.0 = Debug|Any CPU
		{C39AAA9C-4673-4F16-B475-FAB0F68C46A6}.Release|Any CPU.ActiveCfg = Release|Any CPU
		{C39AAA9C-4673-4F16-B475-FAB0F68C46A6}.Release|Any CPU.Build.0 = Release|Any CPU
	EndGlobalSection
	GlobalSection(SolutionProperties) = preSolution
		HideSolutionNode = FALSE
	EndGlobalSection
	GlobalSection(ExtensibilityGlobals) = postSolution
		SolutionGuid = {4C8D968E-9B1B-452C-AD19-699B33F63871}
	EndGlobalSection
EndGlobal
